// !$*UTF8*$!
{
	archiveVersion = 1;
	classes = {
	};
	objectVersion = 46;
	objects = {

/* Begin PBXBuildFile section */
		6845B49B5A1927561A201468 /* Pods_DiscoverUITests.framework in Frameworks */ = {isa = PBXBuildFile; fileRef = 860FE01BD85DA399D5A5531C /* Pods_DiscoverUITests.framework */; };
		7B16722080FC856884ED7194 /* Pods_Discover.framework in Frameworks */ = {isa = PBXBuildFile; fileRef = 68D1BB6984BB9A77DECF16BF /* Pods_Discover.framework */; };
		CF79BF0B1F1FFC82003B78AF /* AppDelegate.swift in Sources */ = {isa = PBXBuildFile; fileRef = CF79BF0A1F1FFC82003B78AF /* AppDelegate.swift */; };
		CF79BF0D1F1FFC82003B78AF /* ViewController.swift in Sources */ = {isa = PBXBuildFile; fileRef = CF79BF0C1F1FFC82003B78AF /* ViewController.swift */; };
		CF79BF101F1FFC83003B78AF /* Main.storyboard in Resources */ = {isa = PBXBuildFile; fileRef = CF79BF0E1F1FFC83003B78AF /* Main.storyboard */; };
		CF79BF121F1FFC83003B78AF /* Assets.xcassets in Resources */ = {isa = PBXBuildFile; fileRef = CF79BF111F1FFC83003B78AF /* Assets.xcassets */; };
		CF79BF151F1FFC83003B78AF /* LaunchScreen.storyboard in Resources */ = {isa = PBXBuildFile; fileRef = CF79BF131F1FFC83003B78AF /* LaunchScreen.storyboard */; };
		CF79BF201F1FFC85003B78AF /* DiscoverTests.swift in Sources */ = {isa = PBXBuildFile; fileRef = CF79BF1F1F1FFC85003B78AF /* DiscoverTests.swift */; };
		CF79BF2B1F1FFC85003B78AF /* DiscoverUITests.swift in Sources */ = {isa = PBXBuildFile; fileRef = CF79BF2A1F1FFC85003B78AF /* DiscoverUITests.swift */; };
		E88ABB5D71EF84495F9FA138 /* Pods_DiscoverTests.framework in Frameworks */ = {isa = PBXBuildFile; fileRef = B2AA03383CC468B2A0E348F1 /* Pods_DiscoverTests.framework */; };
/* End PBXBuildFile section */

/* Begin PBXContainerItemProxy section */
		CF79BF1C1F1FFC85003B78AF /* PBXContainerItemProxy */ = {
			isa = PBXContainerItemProxy;
			containerPortal = CF79BEFF1F1FFC80003B78AF /* Project object */;
			proxyType = 1;
			remoteGlobalIDString = CF79BF061F1FFC81003B78AF;
			remoteInfo = Discover;
		};
		CF79BF271F1FFC85003B78AF /* PBXContainerItemProxy */ = {
			isa = PBXContainerItemProxy;
			containerPortal = CF79BEFF1F1FFC80003B78AF /* Project object */;
			proxyType = 1;
			remoteGlobalIDString = CF79BF061F1FFC81003B78AF;
			remoteInfo = Discover;
		};
/* End PBXContainerItemProxy section */

/* Begin PBXFileReference section */
		1584F8A8B624F117FD0369AA /* Pods-DiscoverUITests.debug.xcconfig */ = {isa = PBXFileReference; includeInIndex = 1; lastKnownFileType = text.xcconfig; name = "Pods-DiscoverUITests.debug.xcconfig"; path = "Pods/Target Support Files/Pods-DiscoverUITests/Pods-DiscoverUITests.debug.xcconfig"; sourceTree = "<group>"; };
		346C791C7AE50E0C9A25E127 /* Pods-DiscoverUITests.release.xcconfig */ = {isa = PBXFileReference; includeInIndex = 1; lastKnownFileType = text.xcconfig; name = "Pods-DiscoverUITests.release.xcconfig"; path = "Pods/Target Support Files/Pods-DiscoverUITests/Pods-DiscoverUITests.release.xcconfig"; sourceTree = "<group>"; };
		558E95966E7992CCE08984D7 /* Pods-Discover.release.xcconfig */ = {isa = PBXFileReference; includeInIndex = 1; lastKnownFileType = text.xcconfig; name = "Pods-Discover.release.xcconfig"; path = "Pods/Target Support Files/Pods-Discover/Pods-Discover.release.xcconfig"; sourceTree = "<group>"; };
		68D1BB6984BB9A77DECF16BF /* Pods_Discover.framework */ = {isa = PBXFileReference; explicitFileType = wrapper.framework; includeInIndex = 0; path = Pods_Discover.framework; sourceTree = BUILT_PRODUCTS_DIR; };
		860FE01BD85DA399D5A5531C /* Pods_DiscoverUITests.framework */ = {isa = PBXFileReference; explicitFileType = wrapper.framework; includeInIndex = 0; path = Pods_DiscoverUITests.framework; sourceTree = BUILT_PRODUCTS_DIR; };
		B2AA03383CC468B2A0E348F1 /* Pods_DiscoverTests.framework */ = {isa = PBXFileReference; explicitFileType = wrapper.framework; includeInIndex = 0; path = Pods_DiscoverTests.framework; sourceTree = BUILT_PRODUCTS_DIR; };
		BB63A24183737FEBC03F9F22 /* Pods-Discover.debug.xcconfig */ = {isa = PBXFileReference; includeInIndex = 1; lastKnownFileType = text.xcconfig; name = "Pods-Discover.debug.xcconfig"; path = "Pods/Target Support Files/Pods-Discover/Pods-Discover.debug.xcconfig"; sourceTree = "<group>"; };
		CF79BF071F1FFC81003B78AF /* Discover.app */ = {isa = PBXFileReference; explicitFileType = wrapper.application; includeInIndex = 0; path = Discover.app; sourceTree = BUILT_PRODUCTS_DIR; };
		CF79BF0A1F1FFC82003B78AF /* AppDelegate.swift */ = {isa = PBXFileReference; lastKnownFileType = sourcecode.swift; path = AppDelegate.swift; sourceTree = "<group>"; };
		CF79BF0C1F1FFC82003B78AF /* ViewController.swift */ = {isa = PBXFileReference; lastKnownFileType = sourcecode.swift; path = ViewController.swift; sourceTree = "<group>"; };
		CF79BF0F1F1FFC83003B78AF /* Base */ = {isa = PBXFileReference; lastKnownFileType = file.storyboard; name = Base; path = Base.lproj/Main.storyboard; sourceTree = "<group>"; };
		CF79BF111F1FFC83003B78AF /* Assets.xcassets */ = {isa = PBXFileReference; lastKnownFileType = folder.assetcatalog; path = Assets.xcassets; sourceTree = "<group>"; };
		CF79BF141F1FFC83003B78AF /* Base */ = {isa = PBXFileReference; lastKnownFileType = file.storyboard; name = Base; path = Base.lproj/LaunchScreen.storyboard; sourceTree = "<group>"; };
		CF79BF161F1FFC84003B78AF /* Info.plist */ = {isa = PBXFileReference; lastKnownFileType = text.plist.xml; path = Info.plist; sourceTree = "<group>"; };
		CF79BF1B1F1FFC85003B78AF /* DiscoverTests.xctest */ = {isa = PBXFileReference; explicitFileType = wrapper.cfbundle; includeInIndex = 0; path = DiscoverTests.xctest; sourceTree = BUILT_PRODUCTS_DIR; };
		CF79BF1F1F1FFC85003B78AF /* DiscoverTests.swift */ = {isa = PBXFileReference; lastKnownFileType = sourcecode.swift; path = DiscoverTests.swift; sourceTree = "<group>"; };
		CF79BF211F1FFC85003B78AF /* Info.plist */ = {isa = PBXFileReference; lastKnownFileType = text.plist.xml; path = Info.plist; sourceTree = "<group>"; };
		CF79BF261F1FFC85003B78AF /* DiscoverUITests.xctest */ = {isa = PBXFileReference; explicitFileType = wrapper.cfbundle; includeInIndex = 0; path = DiscoverUITests.xctest; sourceTree = BUILT_PRODUCTS_DIR; };
		CF79BF2A1F1FFC85003B78AF /* DiscoverUITests.swift */ = {isa = PBXFileReference; lastKnownFileType = sourcecode.swift; path = DiscoverUITests.swift; sourceTree = "<group>"; };
		CF79BF2C1F1FFC85003B78AF /* Info.plist */ = {isa = PBXFileReference; lastKnownFileType = text.plist.xml; path = Info.plist; sourceTree = "<group>"; };
		F49D4140FC24E9DB193CF762 /* Pods-DiscoverTests.release.xcconfig */ = {isa = PBXFileReference; includeInIndex = 1; lastKnownFileType = text.xcconfig; name = "Pods-DiscoverTests.release.xcconfig"; path = "Pods/Target Support Files/Pods-DiscoverTests/Pods-DiscoverTests.release.xcconfig"; sourceTree = "<group>"; };
		F9100A60114C08345278FB91 /* Pods-DiscoverTests.debug.xcconfig */ = {isa = PBXFileReference; includeInIndex = 1; lastKnownFileType = text.xcconfig; name = "Pods-DiscoverTests.debug.xcconfig"; path = "Pods/Target Support Files/Pods-DiscoverTests/Pods-DiscoverTests.debug.xcconfig"; sourceTree = "<group>"; };
/* End PBXFileReference section */

/* Begin PBXFrameworksBuildPhase section */
		CF79BF041F1FFC81003B78AF /* Frameworks */ = {
			isa = PBXFrameworksBuildPhase;
			buildActionMask = 2147483647;
			files = (
				7B16722080FC856884ED7194 /* Pods_Discover.framework in Frameworks */,
			);
			runOnlyForDeploymentPostprocessing = 0;
		};
		CF79BF181F1FFC85003B78AF /* Frameworks */ = {
			isa = PBXFrameworksBuildPhase;
			buildActionMask = 2147483647;
			files = (
				E88ABB5D71EF84495F9FA138 /* Pods_DiscoverTests.framework in Frameworks */,
			);
			runOnlyForDeploymentPostprocessing = 0;
		};
		CF79BF231F1FFC85003B78AF /* Frameworks */ = {
			isa = PBXFrameworksBuildPhase;
			buildActionMask = 2147483647;
			files = (
				6845B49B5A1927561A201468 /* Pods_DiscoverUITests.framework in Frameworks */,
			);
			runOnlyForDeploymentPostprocessing = 0;
		};
/* End PBXFrameworksBuildPhase section */

/* Begin PBXGroup section */
		1BBEA544FEF738A242297BD2 /* Pods */ = {
			isa = PBXGroup;
			children = (
				BB63A24183737FEBC03F9F22 /* Pods-Discover.debug.xcconfig */,
				558E95966E7992CCE08984D7 /* Pods-Discover.release.xcconfig */,
				F9100A60114C08345278FB91 /* Pods-DiscoverTests.debug.xcconfig */,
				F49D4140FC24E9DB193CF762 /* Pods-DiscoverTests.release.xcconfig */,
				1584F8A8B624F117FD0369AA /* Pods-DiscoverUITests.debug.xcconfig */,
				346C791C7AE50E0C9A25E127 /* Pods-DiscoverUITests.release.xcconfig */,
			);
			name = Pods;
			sourceTree = "<group>";
		};
		222C97030F28C9FE301C900C /* Frameworks */ = {
			isa = PBXGroup;
			children = (
				68D1BB6984BB9A77DECF16BF /* Pods_Discover.framework */,
				B2AA03383CC468B2A0E348F1 /* Pods_DiscoverTests.framework */,
				860FE01BD85DA399D5A5531C /* Pods_DiscoverUITests.framework */,
			);
			name = Frameworks;
			sourceTree = "<group>";
		};
		CF79BEFE1F1FFC7F003B78AF = {
			isa = PBXGroup;
			children = (
				CF79BF091F1FFC82003B78AF /* Discover */,
				CF79BF1E1F1FFC85003B78AF /* DiscoverTests */,
				CF79BF291F1FFC85003B78AF /* DiscoverUITests */,
				CF79BF081F1FFC81003B78AF /* Products */,
				1BBEA544FEF738A242297BD2 /* Pods */,
				222C97030F28C9FE301C900C /* Frameworks */,
			);
			sourceTree = "<group>";
		};
		CF79BF081F1FFC81003B78AF /* Products */ = {
			isa = PBXGroup;
			children = (
				CF79BF071F1FFC81003B78AF /* Discover.app */,
				CF79BF1B1F1FFC85003B78AF /* DiscoverTests.xctest */,
				CF79BF261F1FFC85003B78AF /* DiscoverUITests.xctest */,
			);
			name = Products;
			sourceTree = "<group>";
		};
		CF79BF091F1FFC82003B78AF /* Discover */ = {
			isa = PBXGroup;
			children = (
				CF79BF0A1F1FFC82003B78AF /* AppDelegate.swift */,
				CF79BF0C1F1FFC82003B78AF /* ViewController.swift */,
				CF79BF0E1F1FFC83003B78AF /* Main.storyboard */,
				CF79BF111F1FFC83003B78AF /* Assets.xcassets */,
				CF79BF131F1FFC83003B78AF /* LaunchScreen.storyboard */,
				CF79BF161F1FFC84003B78AF /* Info.plist */,
			);
			path = Discover;
			sourceTree = "<group>";
		};
		CF79BF1E1F1FFC85003B78AF /* DiscoverTests */ = {
			isa = PBXGroup;
			children = (
				CF79BF1F1F1FFC85003B78AF /* DiscoverTests.swift */,
				CF79BF211F1FFC85003B78AF /* Info.plist */,
			);
			path = DiscoverTests;
			sourceTree = "<group>";
		};
		CF79BF291F1FFC85003B78AF /* DiscoverUITests */ = {
			isa = PBXGroup;
			children = (
				CF79BF2A1F1FFC85003B78AF /* DiscoverUITests.swift */,
				CF79BF2C1F1FFC85003B78AF /* Info.plist */,
			);
			path = DiscoverUITests;
			sourceTree = "<group>";
		};
/* End PBXGroup section */

/* Begin PBXNativeTarget section */
		CF79BF061F1FFC81003B78AF /* Discover */ = {
			isa = PBXNativeTarget;
			buildConfigurationList = CF79BF2F1F1FFC85003B78AF /* Build configuration list for PBXNativeTarget "Discover" */;
			buildPhases = (
				2668ADA4C0F11363EE14D7FD /* [CP] Check Pods Manifest.lock */,
				CF79BF031F1FFC81003B78AF /* Sources */,
				CF79BF041F1FFC81003B78AF /* Frameworks */,
				CF79BF051F1FFC81003B78AF /* Resources */,
				0F97782F67E2AE9C5B68526C /* [CP] Embed Pods Frameworks */,
				23C5CD788ACAAE5E341F3CB9 /* [CP] Copy Pods Resources */,
			);
			buildRules = (
			);
			dependencies = (
			);
			name = Discover;
			productName = Discover;
			productReference = CF79BF071F1FFC81003B78AF /* Discover.app */;
			productType = "com.apple.product-type.application";
		};
		CF79BF1A1F1FFC85003B78AF /* DiscoverTests */ = {
			isa = PBXNativeTarget;
			buildConfigurationList = CF79BF321F1FFC85003B78AF /* Build configuration list for PBXNativeTarget "DiscoverTests" */;
			buildPhases = (
				B2E4B12A7CD2BA404AD0EB43 /* [CP] Check Pods Manifest.lock */,
				CF79BF171F1FFC85003B78AF /* Sources */,
				CF79BF181F1FFC85003B78AF /* Frameworks */,
				CF79BF191F1FFC85003B78AF /* Resources */,
				D0499A5548E4C0941FB183E0 /* [CP] Embed Pods Frameworks */,
				6B50E57F5F0AACC500BFF36C /* [CP] Copy Pods Resources */,
			);
			buildRules = (
			);
			dependencies = (
				CF79BF1D1F1FFC85003B78AF /* PBXTargetDependency */,
			);
			name = DiscoverTests;
			productName = DiscoverTests;
			productReference = CF79BF1B1F1FFC85003B78AF /* DiscoverTests.xctest */;
			productType = "com.apple.product-type.bundle.unit-test";
		};
		CF79BF251F1FFC85003B78AF /* DiscoverUITests */ = {
			isa = PBXNativeTarget;
			buildConfigurationList = CF79BF351F1FFC85003B78AF /* Build configuration list for PBXNativeTarget "DiscoverUITests" */;
			buildPhases = (
				A0388113B292028DC7E1F284 /* [CP] Check Pods Manifest.lock */,
				CF79BF221F1FFC85003B78AF /* Sources */,
				CF79BF231F1FFC85003B78AF /* Frameworks */,
				CF79BF241F1FFC85003B78AF /* Resources */,
				C8D95647CF219EE65885BCA0 /* [CP] Embed Pods Frameworks */,
				FAB1420E08D2C764937CA7A8 /* [CP] Copy Pods Resources */,
			);
			buildRules = (
			);
			dependencies = (
				CF79BF281F1FFC85003B78AF /* PBXTargetDependency */,
			);
			name = DiscoverUITests;
			productName = DiscoverUITests;
			productReference = CF79BF261F1FFC85003B78AF /* DiscoverUITests.xctest */;
			productType = "com.apple.product-type.bundle.ui-testing";
		};
/* End PBXNativeTarget section */

/* Begin PBXProject section */
		CF79BEFF1F1FFC80003B78AF /* Project object */ = {
			isa = PBXProject;
			attributes = {
				LastSwiftUpdateCheck = 0830;
				LastUpgradeCheck = 0830;
				ORGANIZATIONNAME = "Trevor Rose";
				TargetAttributes = {
					CF79BF061F1FFC81003B78AF = {
						CreatedOnToolsVersion = 8.3.3;
						DevelopmentTeam = 9F5M35K84C;
						ProvisioningStyle = Automatic;
					};
					CF79BF1A1F1FFC85003B78AF = {
						CreatedOnToolsVersion = 8.3.3;
						DevelopmentTeam = 9F5M35K84C;
						ProvisioningStyle = Automatic;
						TestTargetID = CF79BF061F1FFC81003B78AF;
					};
					CF79BF251F1FFC85003B78AF = {
						CreatedOnToolsVersion = 8.3.3;
						DevelopmentTeam = 9F5M35K84C;
						ProvisioningStyle = Automatic;
						TestTargetID = CF79BF061F1FFC81003B78AF;
					};
				};
			};
			buildConfigurationList = CF79BF021F1FFC80003B78AF /* Build configuration list for PBXProject "Discover" */;
			compatibilityVersion = "Xcode 3.2";
			developmentRegion = English;
			hasScannedForEncodings = 0;
			knownRegions = (
				en,
				Base,
			);
			mainGroup = CF79BEFE1F1FFC7F003B78AF;
			productRefGroup = CF79BF081F1FFC81003B78AF /* Products */;
			projectDirPath = "";
			projectRoot = "";
			targets = (
				CF79BF061F1FFC81003B78AF /* Discover */,
				CF79BF1A1F1FFC85003B78AF /* DiscoverTests */,
				CF79BF251F1FFC85003B78AF /* DiscoverUITests */,
			);
		};
/* End PBXProject section */

/* Begin PBXResourcesBuildPhase section */
		CF79BF051F1FFC81003B78AF /* Resources */ = {
			isa = PBXResourcesBuildPhase;
			buildActionMask = 2147483647;
			files = (
				CF79BF151F1FFC83003B78AF /* LaunchScreen.storyboard in Resources */,
				CF79BF121F1FFC83003B78AF /* Assets.xcassets in Resources */,
				CF79BF101F1FFC83003B78AF /* Main.storyboard in Resources */,
			);
			runOnlyForDeploymentPostprocessing = 0;
		};
		CF79BF191F1FFC85003B78AF /* Resources */ = {
			isa = PBXResourcesBuildPhase;
			buildActionMask = 2147483647;
			files = (
			);
			runOnlyForDeploymentPostprocessing = 0;
		};
		CF79BF241F1FFC85003B78AF /* Resources */ = {
			isa = PBXResourcesBuildPhase;
			buildActionMask = 2147483647;
			files = (
			);
			runOnlyForDeploymentPostprocessing = 0;
		};
/* End PBXResourcesBuildPhase section */

/* Begin PBXShellScriptBuildPhase section */
		0F97782F67E2AE9C5B68526C /* [CP] Embed Pods Frameworks */ = {
			isa = PBXShellScriptBuildPhase;
			buildActionMask = 2147483647;
			files = (
			);
			inputPaths = (
				"${SRCROOT}/Pods/Target Support Files/Pods-Discover/Pods-Discover-frameworks.sh",
				"${BUILT_PRODUCTS_DIR}/GoogleToolboxForMac/GoogleToolboxForMac.framework",
			);
			name = "[CP] Embed Pods Frameworks";
			outputPaths = (
				"${TARGET_BUILD_DIR}/${FRAMEWORKS_FOLDER_PATH}/GoogleToolboxForMac.framework",
			);
			runOnlyForDeploymentPostprocessing = 0;
			shellPath = /bin/sh;
			shellScript = "\"${SRCROOT}/Pods/Target Support Files/Pods-Discover/Pods-Discover-frameworks.sh\"\n";
			showEnvVarsInLog = 0;
		};
		23C5CD788ACAAE5E341F3CB9 /* [CP] Copy Pods Resources */ = {
			isa = PBXShellScriptBuildPhase;
			buildActionMask = 2147483647;
			files = (
			);
			inputPaths = (
			);
			name = "[CP] Copy Pods Resources";
			outputPaths = (
			);
			runOnlyForDeploymentPostprocessing = 0;
			shellPath = /bin/sh;
			shellScript = "\"${SRCROOT}/Pods/Target Support Files/Pods-Discover/Pods-Discover-resources.sh\"\n";
			showEnvVarsInLog = 0;
		};
		2668ADA4C0F11363EE14D7FD /* [CP] Check Pods Manifest.lock */ = {
			isa = PBXShellScriptBuildPhase;
			buildActionMask = 2147483647;
			files = (
			);
			inputPaths = (
				"${PODS_PODFILE_DIR_PATH}/Podfile.lock",
				"${PODS_ROOT}/Manifest.lock",
			);
			name = "[CP] Check Pods Manifest.lock";
			outputPaths = (
				"$(DERIVED_FILE_DIR)/Pods-Discover-checkManifestLockResult.txt",
			);
			runOnlyForDeploymentPostprocessing = 0;
			shellPath = /bin/sh;
			shellScript = "diff \"${PODS_PODFILE_DIR_PATH}/Podfile.lock\" \"${PODS_ROOT}/Manifest.lock\" > /dev/null\nif [ $? != 0 ] ; then\n    # print error to STDERR\n    echo \"error: The sandbox is not in sync with the Podfile.lock. Run 'pod install' or update your CocoaPods installation.\" >&2\n    exit 1\nfi\n# This output is used by Xcode 'outputs' to avoid re-running this script phase.\necho \"SUCCESS\" > \"${SCRIPT_OUTPUT_FILE_0}\"\n";
			showEnvVarsInLog = 0;
		};
		6B50E57F5F0AACC500BFF36C /* [CP] Copy Pods Resources */ = {
			isa = PBXShellScriptBuildPhase;
			buildActionMask = 2147483647;
			files = (
			);
			inputPaths = (
			);
			name = "[CP] Copy Pods Resources";
			outputPaths = (
			);
			runOnlyForDeploymentPostprocessing = 0;
			shellPath = /bin/sh;
			shellScript = "\"${SRCROOT}/Pods/Target Support Files/Pods-DiscoverTests/Pods-DiscoverTests-resources.sh\"\n";
			showEnvVarsInLog = 0;
		};
		A0388113B292028DC7E1F284 /* [CP] Check Pods Manifest.lock */ = {
			isa = PBXShellScriptBuildPhase;
			buildActionMask = 2147483647;
			files = (
			);
			inputPaths = (
				"${PODS_PODFILE_DIR_PATH}/Podfile.lock",
				"${PODS_ROOT}/Manifest.lock",
			);
			name = "[CP] Check Pods Manifest.lock";
			outputPaths = (
				"$(DERIVED_FILE_DIR)/Pods-DiscoverUITests-checkManifestLockResult.txt",
			);
			runOnlyForDeploymentPostprocessing = 0;
			shellPath = /bin/sh;
			shellScript = "diff \"${PODS_PODFILE_DIR_PATH}/Podfile.lock\" \"${PODS_ROOT}/Manifest.lock\" > /dev/null\nif [ $? != 0 ] ; then\n    # print error to STDERR\n    echo \"error: The sandbox is not in sync with the Podfile.lock. Run 'pod install' or update your CocoaPods installation.\" >&2\n    exit 1\nfi\n# This output is used by Xcode 'outputs' to avoid re-running this script phase.\necho \"SUCCESS\" > \"${SCRIPT_OUTPUT_FILE_0}\"\n";
			showEnvVarsInLog = 0;
		};
		B2E4B12A7CD2BA404AD0EB43 /* [CP] Check Pods Manifest.lock */ = {
			isa = PBXShellScriptBuildPhase;
			buildActionMask = 2147483647;
			files = (
			);
			inputPaths = (
				"${PODS_PODFILE_DIR_PATH}/Podfile.lock",
				"${PODS_ROOT}/Manifest.lock",
			);
			name = "[CP] Check Pods Manifest.lock";
			outputPaths = (
				"$(DERIVED_FILE_DIR)/Pods-DiscoverTests-checkManifestLockResult.txt",
			);
			runOnlyForDeploymentPostprocessing = 0;
			shellPath = /bin/sh;
			shellScript = "diff \"${PODS_PODFILE_DIR_PATH}/Podfile.lock\" \"${PODS_ROOT}/Manifest.lock\" > /dev/null\nif [ $? != 0 ] ; then\n    # print error to STDERR\n    echo \"error: The sandbox is not in sync with the Podfile.lock. Run 'pod install' or update your CocoaPods installation.\" >&2\n    exit 1\nfi\n# This output is used by Xcode 'outputs' to avoid re-running this script phase.\necho \"SUCCESS\" > \"${SCRIPT_OUTPUT_FILE_0}\"\n";
			showEnvVarsInLog = 0;
		};
		C8D95647CF219EE65885BCA0 /* [CP] Embed Pods Frameworks */ = {
			isa = PBXShellScriptBuildPhase;
			buildActionMask = 2147483647;
			files = (
			);
			inputPaths = (
			);
			name = "[CP] Embed Pods Frameworks";
			outputPaths = (
			);
			runOnlyForDeploymentPostprocessing = 0;
			shellPath = /bin/sh;
			shellScript = "\"${SRCROOT}/Pods/Target Support Files/Pods-DiscoverUITests/Pods-DiscoverUITests-frameworks.sh\"\n";
			showEnvVarsInLog = 0;
		};
		D0499A5548E4C0941FB183E0 /* [CP] Embed Pods Frameworks */ = {
			isa = PBXShellScriptBuildPhase;
			buildActionMask = 2147483647;
			files = (
			);
			inputPaths = (
			);
			name = "[CP] Embed Pods Frameworks";
			outputPaths = (
			);
			runOnlyForDeploymentPostprocessing = 0;
			shellPath = /bin/sh;
			shellScript = "\"${SRCROOT}/Pods/Target Support Files/Pods-DiscoverTests/Pods-DiscoverTests-frameworks.sh\"\n";
			showEnvVarsInLog = 0;
		};
		FAB1420E08D2C764937CA7A8 /* [CP] Copy Pods Resources */ = {
			isa = PBXShellScriptBuildPhase;
			buildActionMask = 2147483647;
			files = (
			);
			inputPaths = (
			);
			name = "[CP] Copy Pods Resources";
			outputPaths = (
			);
			runOnlyForDeploymentPostprocessing = 0;
			shellPath = /bin/sh;
			shellScript = "\"${SRCROOT}/Pods/Target Support Files/Pods-DiscoverUITests/Pods-DiscoverUITests-resources.sh\"\n";
			showEnvVarsInLog = 0;
		};
/* End PBXShellScriptBuildPhase section */

/* Begin PBXSourcesBuildPhase section */
		CF79BF031F1FFC81003B78AF /* Sources */ = {
			isa = PBXSourcesBuildPhase;
			buildActionMask = 2147483647;
			files = (
				CF79BF0D1F1FFC82003B78AF /* ViewController.swift in Sources */,
				CF79BF0B1F1FFC82003B78AF /* AppDelegate.swift in Sources */,
			);
			runOnlyForDeploymentPostprocessing = 0;
		};
		CF79BF171F1FFC85003B78AF /* Sources */ = {
			isa = PBXSourcesBuildPhase;
			buildActionMask = 2147483647;
			files = (
				CF79BF201F1FFC85003B78AF /* DiscoverTests.swift in Sources */,
			);
			runOnlyForDeploymentPostprocessing = 0;
		};
		CF79BF221F1FFC85003B78AF /* Sources */ = {
			isa = PBXSourcesBuildPhase;
			buildActionMask = 2147483647;
			files = (
				CF79BF2B1F1FFC85003B78AF /* DiscoverUITests.swift in Sources */,
			);
			runOnlyForDeploymentPostprocessing = 0;
		};
/* End PBXSourcesBuildPhase section */

/* Begin PBXTargetDependency section */
		CF79BF1D1F1FFC85003B78AF /* PBXTargetDependency */ = {
			isa = PBXTargetDependency;
			target = CF79BF061F1FFC81003B78AF /* Discover */;
			targetProxy = CF79BF1C1F1FFC85003B78AF /* PBXContainerItemProxy */;
		};
		CF79BF281F1FFC85003B78AF /* PBXTargetDependency */ = {
			isa = PBXTargetDependency;
			target = CF79BF061F1FFC81003B78AF /* Discover */;
			targetProxy = CF79BF271F1FFC85003B78AF /* PBXContainerItemProxy */;
		};
/* End PBXTargetDependency section */

/* Begin PBXVariantGroup section */
		CF79BF0E1F1FFC83003B78AF /* Main.storyboard */ = {
			isa = PBXVariantGroup;
			children = (
				CF79BF0F1F1FFC83003B78AF /* Base */,
			);
			name = Main.storyboard;
			sourceTree = "<group>";
		};
		CF79BF131F1FFC83003B78AF /* LaunchScreen.storyboard */ = {
			isa = PBXVariantGroup;
			children = (
				CF79BF141F1FFC83003B78AF /* Base */,
			);
			name = LaunchScreen.storyboard;
			sourceTree = "<group>";
		};
/* End PBXVariantGroup section */

/* Begin XCBuildConfiguration section */
		CF79BF2D1F1FFC85003B78AF /* Debug */ = {
			isa = XCBuildConfiguration;
			buildSettings = {
				ALWAYS_SEARCH_USER_PATHS = NO;
				CLANG_ANALYZER_NONNULL = YES;
				CLANG_ANALYZER_NUMBER_OBJECT_CONVERSION = YES_AGGRESSIVE;
				CLANG_CXX_LANGUAGE_STANDARD = "gnu++0x";
				CLANG_CXX_LIBRARY = "libc++";
				CLANG_ENABLE_MODULES = YES;
				CLANG_ENABLE_OBJC_ARC = YES;
				CLANG_WARN_BOOL_CONVERSION = YES;
				CLANG_WARN_CONSTANT_CONVERSION = YES;
				CLANG_WARN_DIRECT_OBJC_ISA_USAGE = YES_ERROR;
				CLANG_WARN_DOCUMENTATION_COMMENTS = YES;
				CLANG_WARN_EMPTY_BODY = YES;
				CLANG_WARN_ENUM_CONVERSION = YES;
				CLANG_WARN_INFINITE_RECURSION = YES;
				CLANG_WARN_INT_CONVERSION = YES;
				CLANG_WARN_OBJC_ROOT_CLASS = YES_ERROR;
				CLANG_WARN_SUSPICIOUS_MOVE = YES;
				CLANG_WARN_UNREACHABLE_CODE = YES;
				CLANG_WARN__DUPLICATE_METHOD_MATCH = YES;
				"CODE_SIGN_IDENTITY[sdk=iphoneos*]" = "iPhone Developer";
				COPY_PHASE_STRIP = NO;
				DEBUG_INFORMATION_FORMAT = dwarf;
				ENABLE_STRICT_OBJC_MSGSEND = YES;
				ENABLE_TESTABILITY = YES;
				GCC_C_LANGUAGE_STANDARD = gnu99;
				GCC_DYNAMIC_NO_PIC = NO;
				GCC_NO_COMMON_BLOCKS = YES;
				GCC_OPTIMIZATION_LEVEL = 0;
				GCC_PREPROCESSOR_DEFINITIONS = (
					"DEBUG=1",
					"$(inherited)",
				);
				GCC_WARN_64_TO_32_BIT_CONVERSION = YES;
				GCC_WARN_ABOUT_RETURN_TYPE = YES_ERROR;
				GCC_WARN_UNDECLARED_SELECTOR = YES;
				GCC_WARN_UNINITIALIZED_AUTOS = YES_AGGRESSIVE;
				GCC_WARN_UNUSED_FUNCTION = YES;
				GCC_WARN_UNUSED_VARIABLE = YES;
				IPHONEOS_DEPLOYMENT_TARGET = 10.3;
				MTL_ENABLE_DEBUG_INFO = YES;
				ONLY_ACTIVE_ARCH = YES;
				SDKROOT = iphoneos;
				SWIFT_ACTIVE_COMPILATION_CONDITIONS = DEBUG;
				SWIFT_OPTIMIZATION_LEVEL = "-Onone";
				TARGETED_DEVICE_FAMILY = "1,2";
			};
			name = Debug;
		};
		CF79BF2E1F1FFC85003B78AF /* Release */ = {
			isa = XCBuildConfiguration;
			buildSettings = {
				ALWAYS_SEARCH_USER_PATHS = NO;
				CLANG_ANALYZER_NONNULL = YES;
				CLANG_ANALYZER_NUMBER_OBJECT_CONVERSION = YES_AGGRESSIVE;
				CLANG_CXX_LANGUAGE_STANDARD = "gnu++0x";
				CLANG_CXX_LIBRARY = "libc++";
				CLANG_ENABLE_MODULES = YES;
				CLANG_ENABLE_OBJC_ARC = YES;
				CLANG_WARN_BOOL_CONVERSION = YES;
				CLANG_WARN_CONSTANT_CONVERSION = YES;
				CLANG_WARN_DIRECT_OBJC_ISA_USAGE = YES_ERROR;
				CLANG_WARN_DOCUMENTATION_COMMENTS = YES;
				CLANG_WARN_EMPTY_BODY = YES;
				CLANG_WARN_ENUM_CONVERSION = YES;
				CLANG_WARN_INFINITE_RECURSION = YES;
				CLANG_WARN_INT_CONVERSION = YES;
				CLANG_WARN_OBJC_ROOT_CLASS = YES_ERROR;
				CLANG_WARN_SUSPICIOUS_MOVE = YES;
				CLANG_WARN_UNREACHABLE_CODE = YES;
				CLANG_WARN__DUPLICATE_METHOD_MATCH = YES;
				"CODE_SIGN_IDENTITY[sdk=iphoneos*]" = "iPhone Developer";
				COPY_PHASE_STRIP = NO;
				DEBUG_INFORMATION_FORMAT = "dwarf-with-dsym";
				ENABLE_NS_ASSERTIONS = NO;
				ENABLE_STRICT_OBJC_MSGSEND = YES;
				GCC_C_LANGUAGE_STANDARD = gnu99;
				GCC_NO_COMMON_BLOCKS = YES;
				GCC_WARN_64_TO_32_BIT_CONVERSION = YES;
				GCC_WARN_ABOUT_RETURN_TYPE = YES_ERROR;
				GCC_WARN_UNDECLARED_SELECTOR = YES;
				GCC_WARN_UNINITIALIZED_AUTOS = YES_AGGRESSIVE;
				GCC_WARN_UNUSED_FUNCTION = YES;
				GCC_WARN_UNUSED_VARIABLE = YES;
				IPHONEOS_DEPLOYMENT_TARGET = 10.3;
				MTL_ENABLE_DEBUG_INFO = NO;
				SDKROOT = iphoneos;
				SWIFT_OPTIMIZATION_LEVEL = "-Owholemodule";
				TARGETED_DEVICE_FAMILY = "1,2";
				VALIDATE_PRODUCT = YES;
			};
			name = Release;
		};
		CF79BF301F1FFC85003B78AF /* Debug */ = {
			isa = XCBuildConfiguration;
			baseConfigurationReference = BB63A24183737FEBC03F9F22 /* Pods-Discover.debug.xcconfig */;
			buildSettings = {
				ASSETCATALOG_COMPILER_APPICON_NAME = AppIcon;
				DEVELOPMENT_TEAM = 9F5M35K84C;
				INFOPLIST_FILE = Discover/Info.plist;
				LD_RUNPATH_SEARCH_PATHS = "$(inherited) @executable_path/Frameworks";
				PRODUCT_BUNDLE_IDENTIFIER = com.Trevor.Discover;
				PRODUCT_NAME = "$(TARGET_NAME)";
				SWIFT_VERSION = 3.0;
			};
			name = Debug;
		};
		CF79BF311F1FFC85003B78AF /* Release */ = {
			isa = XCBuildConfiguration;
			baseConfigurationReference = 558E95966E7992CCE08984D7 /* Pods-Discover.release.xcconfig */;
			buildSettings = {
				ASSETCATALOG_COMPILER_APPICON_NAME = AppIcon;
				DEVELOPMENT_TEAM = 9F5M35K84C;
				INFOPLIST_FILE = Discover/Info.plist;
				LD_RUNPATH_SEARCH_PATHS = "$(inherited) @executable_path/Frameworks";
				PRODUCT_BUNDLE_IDENTIFIER = com.Trevor.Discover;
				PRODUCT_NAME = "$(TARGET_NAME)";
				SWIFT_VERSION = 3.0;
			};
			name = Release;
		};
		CF79BF331F1FFC85003B78AF /* Debug */ = {
			isa = XCBuildConfiguration;
			baseConfigurationReference = F9100A60114C08345278FB91 /* Pods-DiscoverTests.debug.xcconfig */;
			buildSettings = {
				ALWAYS_EMBED_SWIFT_STANDARD_LIBRARIES = YES;
				BUNDLE_LOADER = "$(TEST_HOST)";
				DEVELOPMENT_TEAM = 9F5M35K84C;
				INFOPLIST_FILE = DiscoverTests/Info.plist;
				LD_RUNPATH_SEARCH_PATHS = "$(inherited) @executable_path/Frameworks @loader_path/Frameworks";
				PRODUCT_BUNDLE_IDENTIFIER = com.Trevor.DiscoverTests;
				PRODUCT_NAME = "$(TARGET_NAME)";
				SWIFT_VERSION = 3.0;
				TEST_HOST = "$(BUILT_PRODUCTS_DIR)/Discover.app/Discover";
			};
			name = Debug;
		};
		CF79BF341F1FFC85003B78AF /* Release */ = {
			isa = XCBuildConfiguration;
			baseConfigurationReference = F49D4140FC24E9DB193CF762 /* Pods-DiscoverTests.release.xcconfig */;
			buildSettings = {
				ALWAYS_EMBED_SWIFT_STANDARD_LIBRARIES = YES;
				BUNDLE_LOADER = "$(TEST_HOST)";
				DEVELOPMENT_TEAM = 9F5M35K84C;
				INFOPLIST_FILE = DiscoverTests/Info.plist;
				LD_RUNPATH_SEARCH_PATHS = "$(inherited) @executable_path/Frameworks @loader_path/Frameworks";
				PRODUCT_BUNDLE_IDENTIFIER = com.Trevor.DiscoverTests;
				PRODUCT_NAME = "$(TARGET_NAME)";
				SWIFT_VERSION = 3.0;
				TEST_HOST = "$(BUILT_PRODUCTS_DIR)/Discover.app/Discover";
			};
			name = Release;
		};
		CF79BF361F1FFC85003B78AF /* Debug */ = {
			isa = XCBuildConfiguration;
			baseConfigurationReference = 1584F8A8B624F117FD0369AA /* Pods-DiscoverUITests.debug.xcconfig */;
			buildSettings = {
				ALWAYS_EMBED_SWIFT_STANDARD_LIBRARIES = YES;
				DEVELOPMENT_TEAM = 9F5M35K84C;
				INFOPLIST_FILE = DiscoverUITests/Info.plist;
				LD_RUNPATH_SEARCH_PATHS = "$(inherited) @executable_path/Frameworks @loader_path/Frameworks";
				PRODUCT_BUNDLE_IDENTIFIER = com.Trevor.DiscoverUITests;
				PRODUCT_NAME = "$(TARGET_NAME)";
				SWIFT_VERSION = 3.0;
				TEST_TARGET_NAME = Discover;
			};
			name = Debug;
		};
		CF79BF371F1FFC85003B78AF /* Release */ = {
			isa = XCBuildConfiguration;
			baseConfigurationReference = 346C791C7AE50E0C9A25E127 /* Pods-DiscoverUITests.release.xcconfig */;
			buildSettings = {
				ALWAYS_EMBED_SWIFT_STANDARD_LIBRARIES = YES;
				DEVELOPMENT_TEAM = 9F5M35K84C;
				INFOPLIST_FILE = DiscoverUITests/Info.plist;
				LD_RUNPATH_SEARCH_PATHS = "$(inherited) @executable_path/Frameworks @loader_path/Frameworks";
				PRODUCT_BUNDLE_IDENTIFIER = com.Trevor.DiscoverUITests;
				PRODUCT_NAME = "$(TARGET_NAME)";
				SWIFT_VERSION = 3.0;
				TEST_TARGET_NAME = Discover;
			};
			name = Release;
		};
/* End XCBuildConfiguration section */

/* Begin XCConfigurationList section */
		CF79BF021F1FFC80003B78AF /* Build configuration list for PBXProject "Discover" */ = {
			isa = XCConfigurationList;
			buildConfigurations = (
				CF79BF2D1F1FFC85003B78AF /* Debug */,
				CF79BF2E1F1FFC85003B78AF /* Release */,
			);
			defaultConfigurationIsVisible = 0;
			defaultConfigurationName = Release;
		};
		CF79BF2F1F1FFC85003B78AF /* Build configuration list for PBXNativeTarget "Discover" */ = {
			isa = XCConfigurationList;
			buildConfigurations = (
				CF79BF301F1FFC85003B78AF /* Debug */,
				CF79BF311F1FFC85003B78AF /* Release */,
			);
			defaultConfigurationIsVisible = 0;
		};
		CF79BF321F1FFC85003B78AF /* Build configuration list for PBXNativeTarget "DiscoverTests" */ = {
			isa = XCConfigurationList;
			buildConfigurations = (
				CF79BF331F1FFC85003B78AF /* Debug */,
				CF79BF341F1FFC85003B78AF /* Release */,
			);
			defaultConfigurationIsVisible = 0;
		};
		CF79BF351F1FFC85003B78AF /* Build configuration list for PBXNativeTarget "DiscoverUITests" */ = {
			isa = XCConfigurationList;
			buildConfigurations = (
				CF79BF361F1FFC85003B78AF /* Debug */,
				CF79BF371F1FFC85003B78AF /* Release */,
			);
			defaultConfigurationIsVisible = 0;
		};
/* End XCConfigurationList section */
	};
	rootObject = CF79BEFF1F1FFC80003B78AF /* Project object */;
}
